
Microsoft Visual Studio Solution File, Format Version 12.00
# Visual Studio Version 16
VisualStudioVersion = 16.0.30011.22
MinimumVisualStudioVersion = 10.0.40219.1
Project("{888888A0-9F3D-457C-B088-3A5042F75D52}") = "PDF Manipulation", "PDF Manipulation.pyproj", "{C3218CF5-2DFF-4515-BF3F-C2B6FFB012ED}"
EndProject
Global
	GlobalSection(SolutionConfigurationPlatforms) = preSolution
		Debug|Any CPU = Debug|Any CPU
		Release|Any CPU = Release|Any CPU
	EndGlobalSection
	GlobalSection(ProjectConfigurationPlatforms) = postSolution
		{C3218CF5-2DFF-4515-BF3F-C2B6FFB012ED}.Debug|Any CPU.ActiveCfg = Debug|Any CPU
		{C3218CF5-2DFF-4515-BF3F-C2B6FFB012ED}.Release|Any CPU.ActiveCfg = Release|Any CPU
	EndGlobalSection
	GlobalSection(SolutionProperties) = preSolution
		HideSolutionNode = FALSE
	EndGlobalSection
	GlobalSection(ExtensibilityGlobals) = postSolution
		SolutionGuid = {2277C095-1ADA-4AD2-9D2A-3CF556872557}
	EndGlobalSection
EndGlobal
